
Microsoft Visual Studio Solution File, Format Version 12.00
Project("{F2A71F9B-5D33-465A-A702-920D77279786}") = "Perceptron", "Perceptron\Perceptron.fsproj", "{D4610D66-F7EB-42E6-A439-B81DB8E24D8B}"
EndProject
Project("{F2A71F9B-5D33-465A-A702-920D77279786}") = "Perceptron.Test", "Perceptron.Test\Perceptron.Test.fsproj", "{81DEE32E-BBAC-4A6D-A8BA-5F729B7D2784}"
EndProject
Global
	GlobalSection(SolutionConfigurationPlatforms) = preSolution
		Debug|Any CPU = Debug|Any CPU
		Release|Any CPU = Release|Any CPU
	EndGlobalSection
	GlobalSection(ProjectConfigurationPlatforms) = postSolution
		{D4610D66-F7EB-42E6-A439-B81DB8E24D8B}.Debug|Any CPU.ActiveCfg = Debug|Any CPU
		{D4610D66-F7EB-42E6-A439-B81DB8E24D8B}.Debug|Any CPU.Build.0 = Debug|Any CPU
		{D4610D66-F7EB-42E6-A439-B81DB8E24D8B}.Release|Any CPU.ActiveCfg = Release|Any CPU
		{D4610D66-F7EB-42E6-A439-B81DB8E24D8B}.Release|Any CPU.Build.0 = Release|Any CPU
		{81DEE32E-BBAC-4A6D-A8BA-5F729B7D2784}.Debug|Any CPU.ActiveCfg = Debug|Any CPU
		{81DEE32E-BBAC-4A6D-A8BA-5F729B7D2784}.Debug|Any CPU.Build.0 = Debug|Any CPU
		{81DEE32E-BBAC-4A6D-A8BA-5F729B7D2784}.Release|Any CPU.ActiveCfg = Release|Any CPU
		{81DEE32E-BBAC-4A6D-A8BA-5F729B7D2784}.Release|Any CPU.Build.0 = Release|Any CPU
	EndGlobalSection
EndGlobal
